
Microsoft Visual Studio Solution File, Format Version 12.00
# Visual Studio Version 17
VisualStudioVersion = 17.7.34031.279
MinimumVisualStudioVersion = 10.0.40219.1
Project("{FAE04EC0-301F-11D3-BF4B-00C04F79EFBC}") = "Vehicles.Common", "Vehicles.Common\Vehicles.Common.csproj", "{60B5F281-D778-461E-8B8A-8A145E7AEA23}"
EndProject
Project("{FAE04EC0-301F-11D3-BF4B-00C04F79EFBC}") = "Vehicles.API", "Vehicles.API\Vehicles.API.csproj", "{30C5D272-8620-498D-9DED-1EDC3930D8E7}"
EndProject
Global
	GlobalSection(SolutionConfigurationPlatforms) = preSolution
		Debug|Any CPU = Debug|Any CPU
		Release|Any CPU = Release|Any CPU
	EndGlobalSection
	GlobalSection(ProjectConfigurationPlatforms) = postSolution
		{60B5F281-D778-461E-8B8A-8A145E7AEA23}.Debug|Any CPU.ActiveCfg = Debug|Any CPU
		{60B5F281-D778-461E-8B8A-8A145E7AEA23}.Debug|Any CPU.Build.0 = Debug|Any CPU
		{60B5F281-D778-461E-8B8A-8A145E7AEA23}.Release|Any CPU.ActiveCfg = Release|Any CPU
		{60B5F281-D778-461E-8B8A-8A145E7AEA23}.Release|Any CPU.Build.0 = Release|Any CPU
		{30C5D272-8620-498D-9DED-1EDC3930D8E7}.Debug|Any CPU.ActiveCfg = Debug|Any CPU
		{30C5D272-8620-498D-9DED-1EDC3930D8E7}.Debug|Any CPU.Build.0 = Debug|Any CPU
		{30C5D272-8620-498D-9DED-1EDC3930D8E7}.Release|Any CPU.ActiveCfg = Release|Any CPU
		{30C5D272-8620-498D-9DED-1EDC3930D8E7}.Release|Any CPU.Build.0 = Release|Any CPU
	EndGlobalSection
	GlobalSection(SolutionProperties) = preSolution
		HideSolutionNode = FALSE
	EndGlobalSection
	GlobalSection(ExtensibilityGlobals) = postSolution
		SolutionGuid = {D07752D5-386A-46D9-823D-DCBBCBDF8634}
	EndGlobalSection
EndGlobal
